// !$*UTF8*$!
{
	archiveVersion = 1;
	classes = {
	};
	objectVersion = 56;
	objects = {

/* Begin PBXBuildFile section */
		4122EAE42BA33CFD00008903 /* CourseSection.swift in Sources */ = {isa = PBXBuildFile; fileRef = 4122EAE32BA33CFD00008903 /* CourseSection.swift */; };
		4122EAE62BA33DB000008903 /* Courses.swift in Sources */ = {isa = PBXBuildFile; fileRef = 4122EAE52BA33DB000008903 /* Courses.swift */; };
		41407A132BA371FA005FEFD1 /* shapesGreen.riv in Resources */ = {isa = PBXBuildFile; fileRef = 41407A122BA371FA005FEFD1 /* shapesGreen.riv */; };
		41407A202BA458E6005FEFD1 /* FirebaseAuth in Frameworks */ = {isa = PBXBuildFile; productRef = 41407A1F2BA458E6005FEFD1 /* FirebaseAuth */; };
		41407A222BA458E6005FEFD1 /* FirebaseFirestore in Frameworks */ = {isa = PBXBuildFile; productRef = 41407A212BA458E6005FEFD1 /* FirebaseFirestore */; };
		41407A242BA458E6005FEFD1 /* FirebaseFirestoreSwift in Frameworks */ = {isa = PBXBuildFile; productRef = 41407A232BA458E6005FEFD1 /* FirebaseFirestoreSwift */; };
		41407A262BA458E6005FEFD1 /* FirebaseStorage in Frameworks */ = {isa = PBXBuildFile; productRef = 41407A252BA458E6005FEFD1 /* FirebaseStorage */; };
		41407A282BA45E0A005FEFD1 /* GoogleService-Info.plist in Resources */ = {isa = PBXBuildFile; fileRef = 41407A272BA45E0A005FEFD1 /* GoogleService-Info.plist */; };
		41407A2A2BA46175005FEFD1 /* DBInfo.swift in Sources */ = {isa = PBXBuildFile; fileRef = 41407A292BA46175005FEFD1 /* DBInfo.swift */; };
		41407A2C2BA4641B005FEFD1 /* DBseed.swift in Sources */ = {isa = PBXBuildFile; fileRef = 41407A2B2BA4641B005FEFD1 /* DBseed.swift */; };
		417B6D2B2BA5DED900C91E37 /* HopeView.swift in Sources */ = {isa = PBXBuildFile; fileRef = 417B6D2A2BA5DED900C91E37 /* HopeView.swift */; };
		417B6D2E2BA5E6E700C91E37 /* AppDelegate.swift in Sources */ = {isa = PBXBuildFile; fileRef = 417B6D2D2BA5E6E700C91E37 /* AppDelegate.swift */; };
		41E531152B9A82A400E3CA01 /* _LetsTalkAppApp.swift in Sources */ = {isa = PBXBuildFile; fileRef = 41E531142B9A82A400E3CA01 /* _LetsTalkAppApp.swift */; };
		41E531172B9A82A400E3CA01 /* ContentView.swift in Sources */ = {isa = PBXBuildFile; fileRef = 41E531162B9A82A400E3CA01 /* ContentView.swift */; };
		41E531192B9A82A600E3CA01 /* Assets.xcassets in Resources */ = {isa = PBXBuildFile; fileRef = 41E531182B9A82A600E3CA01 /* Assets.xcassets */; };
		41E5311C2B9A82A600E3CA01 /* Preview Assets.xcassets in Resources */ = {isa = PBXBuildFile; fileRef = 41E5311B2B9A82A600E3CA01 /* Preview Assets.xcassets */; };
		41E5312A2B9A834200E3CA01 /* button.riv in Resources */ = {isa = PBXBuildFile; fileRef = 41E531222B9A834200E3CA01 /* button.riv */; };
		41E5312B2B9A834200E3CA01 /* check.riv in Resources */ = {isa = PBXBuildFile; fileRef = 41E531232B9A834200E3CA01 /* check.riv */; };
		41E5312C2B9A834200E3CA01 /* confetti.riv in Resources */ = {isa = PBXBuildFile; fileRef = 41E531242B9A834200E3CA01 /* confetti.riv */; };
		41E5312D2B9A834200E3CA01 /* house.riv in Resources */ = {isa = PBXBuildFile; fileRef = 41E531252B9A834200E3CA01 /* house.riv */; };
		41E5312E2B9A834200E3CA01 /* icons.riv in Resources */ = {isa = PBXBuildFile; fileRef = 41E531262B9A834200E3CA01 /* icons.riv */; };
		41E5312F2B9A834200E3CA01 /* menu_button.riv in Resources */ = {isa = PBXBuildFile; fileRef = 41E531272B9A834200E3CA01 /* menu_button.riv */; };
		41E531302B9A834200E3CA01 /* shapes.riv in Resources */ = {isa = PBXBuildFile; fileRef = 41E531282B9A834200E3CA01 /* shapes.riv */; };
		41E531332B9A84EF00E3CA01 /* RiveRuntime in Frameworks */ = {isa = PBXBuildFile; productRef = 41E531322B9A84EF00E3CA01 /* RiveRuntime */; };
		41E531352B9A85DB00E3CA01 /* OnboardingView.swift in Sources */ = {isa = PBXBuildFile; fileRef = 41E531342B9A85DB00E3CA01 /* OnboardingView.swift */; };
		41E5313A2B9B279900E3CA01 /* Inter-Regular.ttf in Resources */ = {isa = PBXBuildFile; fileRef = 41E531362B9B279900E3CA01 /* Inter-Regular.ttf */; };
		41E5313B2B9B279900E3CA01 /* Inter-SemiBold.ttf in Resources */ = {isa = PBXBuildFile; fileRef = 41E531372B9B279900E3CA01 /* Inter-SemiBold.ttf */; };
		41E5313C2B9B279900E3CA01 /* Poppins-Bold.ttf in Resources */ = {isa = PBXBuildFile; fileRef = 41E531382B9B279900E3CA01 /* Poppins-Bold.ttf */; };
		41E5313F2B9B2BEE00E3CA01 /* CustomFonts.swift in Sources */ = {isa = PBXBuildFile; fileRef = 41E5313E2B9B2BEE00E3CA01 /* CustomFonts.swift */; };
		41E531412B9B3AB900E3CA01 /* LetsTalk.swift in Sources */ = {isa = PBXBuildFile; fileRef = 41E531402B9B3AB900E3CA01 /* LetsTalk.swift */; };
		41E531432B9B4F5D00E3CA01 /* TabBar.swift in Sources */ = {isa = PBXBuildFile; fileRef = 41E531422B9B4F5D00E3CA01 /* TabBar.swift */; };
		41E531532B9C9D0600E3CA01 /* VCard.swift in Sources */ = {isa = PBXBuildFile; fileRef = 41E531522B9C9D0600E3CA01 /* VCard.swift */; };
		41E5315A2B9C9F3C00E3CA01 /* HCard.swift in Sources */ = {isa = PBXBuildFile; fileRef = 41E531592B9C9F3C00E3CA01 /* HCard.swift */; };
		41E5315C2B9CA0A300E3CA01 /* HomeView.swift in Sources */ = {isa = PBXBuildFile; fileRef = 41E5315B2B9CA0A300E3CA01 /* HomeView.swift */; };
		41E5315E2B9CA9AD00E3CA01 /* SideMenu.swift in Sources */ = {isa = PBXBuildFile; fileRef = 41E5315D2B9CA9AD00E3CA01 /* SideMenu.swift */; };
		41E531622B9DDF4B00E3CA01 /* InfoView.swift in Sources */ = {isa = PBXBuildFile; fileRef = 41E531612B9DDF4B00E3CA01 /* InfoView.swift */; };
/* End PBXBuildFile section */

/* Begin PBXFileReference section */
		4122EAE32BA33CFD00008903 /* CourseSection.swift */ = {isa = PBXFileReference; lastKnownFileType = sourcecode.swift; path = CourseSection.swift; sourceTree = "<group>"; };
		4122EAE52BA33DB000008903 /* Courses.swift */ = {isa = PBXFileReference; lastKnownFileType = sourcecode.swift; path = Courses.swift; sourceTree = "<group>"; };
		41407A092BA35D65005FEFD1 /* LilitaOne-Regular.ttf */ = {isa = PBXFileReference; lastKnownFileType = file; path = "LilitaOne-Regular.ttf"; sourceTree = "<group>"; };
		41407A122BA371FA005FEFD1 /* shapesGreen.riv */ = {isa = PBXFileReference; lastKnownFileType = file; path = shapesGreen.riv; sourceTree = "<group>"; };
		41407A272BA45E0A005FEFD1 /* GoogleService-Info.plist */ = {isa = PBXFileReference; fileEncoding = 4; lastKnownFileType = text.plist.xml; path = "GoogleService-Info.plist"; sourceTree = "<group>"; };
		41407A292BA46175005FEFD1 /* DBInfo.swift */ = {isa = PBXFileReference; lastKnownFileType = sourcecode.swift; path = DBInfo.swift; sourceTree = "<group>"; };
		41407A2B2BA4641B005FEFD1 /* DBseed.swift */ = {isa = PBXFileReference; lastKnownFileType = sourcecode.swift; path = DBseed.swift; sourceTree = "<group>"; };
		417B6D2A2BA5DED900C91E37 /* HopeView.swift */ = {isa = PBXFileReference; lastKnownFileType = sourcecode.swift; path = HopeView.swift; sourceTree = "<group>"; };
		417B6D2D2BA5E6E700C91E37 /* AppDelegate.swift */ = {isa = PBXFileReference; lastKnownFileType = sourcecode.swift; path = AppDelegate.swift; sourceTree = "<group>"; };
		41E531112B9A82A400E3CA01 /* #LetsTalkApp.app */ = {isa = PBXFileReference; explicitFileType = wrapper.application; includeInIndex = 0; path = "#LetsTalkApp.app"; sourceTree = BUILT_PRODUCTS_DIR; };
		41E531142B9A82A400E3CA01 /* _LetsTalkAppApp.swift */ = {isa = PBXFileReference; lastKnownFileType = sourcecode.swift; path = _LetsTalkAppApp.swift; sourceTree = "<group>"; };
		41E531162B9A82A400E3CA01 /* ContentView.swift */ = {isa = PBXFileReference; lastKnownFileType = sourcecode.swift; path = ContentView.swift; sourceTree = "<group>"; };
		41E531182B9A82A600E3CA01 /* Assets.xcassets */ = {isa = PBXFileReference; lastKnownFileType = folder.assetcatalog; path = Assets.xcassets; sourceTree = "<group>"; };
		41E5311B2B9A82A600E3CA01 /* Preview Assets.xcassets */ = {isa = PBXFileReference; lastKnownFileType = folder.assetcatalog; path = "Preview Assets.xcassets"; sourceTree = "<group>"; };
		41E531222B9A834200E3CA01 /* button.riv */ = {isa = PBXFileReference; lastKnownFileType = file; path = button.riv; sourceTree = "<group>"; };
		41E531232B9A834200E3CA01 /* check.riv */ = {isa = PBXFileReference; lastKnownFileType = file; path = check.riv; sourceTree = "<group>"; };
		41E531242B9A834200E3CA01 /* confetti.riv */ = {isa = PBXFileReference; lastKnownFileType = file; path = confetti.riv; sourceTree = "<group>"; };
		41E531252B9A834200E3CA01 /* house.riv */ = {isa = PBXFileReference; lastKnownFileType = file; path = house.riv; sourceTree = "<group>"; };
		41E531262B9A834200E3CA01 /* icons.riv */ = {isa = PBXFileReference; lastKnownFileType = file; path = icons.riv; sourceTree = "<group>"; };
		41E531272B9A834200E3CA01 /* menu_button.riv */ = {isa = PBXFileReference; lastKnownFileType = file; path = menu_button.riv; sourceTree = "<group>"; };
		41E531282B9A834200E3CA01 /* shapes.riv */ = {isa = PBXFileReference; lastKnownFileType = file; path = shapes.riv; sourceTree = "<group>"; };
		41E531342B9A85DB00E3CA01 /* OnboardingView.swift */ = {isa = PBXFileReference; lastKnownFileType = sourcecode.swift; path = OnboardingView.swift; sourceTree = "<group>"; };
		41E531362B9B279900E3CA01 /* Inter-Regular.ttf */ = {isa = PBXFileReference; lastKnownFileType = file; path = "Inter-Regular.ttf"; sourceTree = "<group>"; };
		41E531372B9B279900E3CA01 /* Inter-SemiBold.ttf */ = {isa = PBXFileReference; lastKnownFileType = file; path = "Inter-SemiBold.ttf"; sourceTree = "<group>"; };
		41E531382B9B279900E3CA01 /* Poppins-Bold.ttf */ = {isa = PBXFileReference; lastKnownFileType = file; path = "Poppins-Bold.ttf"; sourceTree = "<group>"; };
		41E5313D2B9B280E00E3CA01 /* -LetsTalkApp-Info.plist */ = {isa = PBXFileReference; lastKnownFileType = text.plist; path = "-LetsTalkApp-Info.plist"; sourceTree = SOURCE_ROOT; };
		41E5313E2B9B2BEE00E3CA01 /* CustomFonts.swift */ = {isa = PBXFileReference; lastKnownFileType = sourcecode.swift; path = CustomFonts.swift; sourceTree = "<group>"; };
		41E531402B9B3AB900E3CA01 /* LetsTalk.swift */ = {isa = PBXFileReference; lastKnownFileType = sourcecode.swift; path = LetsTalk.swift; sourceTree = "<group>"; };
		41E531422B9B4F5D00E3CA01 /* TabBar.swift */ = {isa = PBXFileReference; lastKnownFileType = sourcecode.swift; path = TabBar.swift; sourceTree = "<group>"; };
		41E531522B9C9D0600E3CA01 /* VCard.swift */ = {isa = PBXFileReference; lastKnownFileType = sourcecode.swift; path = VCard.swift; sourceTree = "<group>"; };
		41E531592B9C9F3C00E3CA01 /* HCard.swift */ = {isa = PBXFileReference; fileEncoding = 4; lastKnownFileType = sourcecode.swift; path = HCard.swift; sourceTree = "<group>"; };
		41E5315B2B9CA0A300E3CA01 /* HomeView.swift */ = {isa = PBXFileReference; lastKnownFileType = sourcecode.swift; path = HomeView.swift; sourceTree = "<group>"; };
		41E5315D2B9CA9AD00E3CA01 /* SideMenu.swift */ = {isa = PBXFileReference; lastKnownFileType = sourcecode.swift; path = SideMenu.swift; sourceTree = "<group>"; };
		41E531612B9DDF4B00E3CA01 /* InfoView.swift */ = {isa = PBXFileReference; lastKnownFileType = sourcecode.swift; path = InfoView.swift; sourceTree = "<group>"; };
/* End PBXFileReference section */

/* Begin PBXFrameworksBuildPhase section */
		41E5310E2B9A82A400E3CA01 /* Frameworks */ = {
			isa = PBXFrameworksBuildPhase;
			buildActionMask = 2147483647;
			files = (
				41E531332B9A84EF00E3CA01 /* RiveRuntime in Frameworks */,
				41407A202BA458E6005FEFD1 /* FirebaseAuth in Frameworks */,
				41407A222BA458E6005FEFD1 /* FirebaseFirestore in Frameworks */,
				41407A262BA458E6005FEFD1 /* FirebaseStorage in Frameworks */,
				41407A242BA458E6005FEFD1 /* FirebaseFirestoreSwift in Frameworks */,
			);
			runOnlyForDeploymentPostprocessing = 0;
		};
/* End PBXFrameworksBuildPhase section */

/* Begin PBXGroup section */
		417B6D2C2BA5E6CE00C91E37 /* Config */ = {
			isa = PBXGroup;
			children = (
				417B6D2D2BA5E6E700C91E37 /* AppDelegate.swift */,
			);
			path = Config;
			sourceTree = "<group>";
		};
		41E4682F2BA33BC10076CF35 /* Model */ = {
			isa = PBXGroup;
			children = (
				4122EAE32BA33CFD00008903 /* CourseSection.swift */,
				4122EAE52BA33DB000008903 /* Courses.swift */,
				41407A292BA46175005FEFD1 /* DBInfo.swift */,
				41407A2B2BA4641B005FEFD1 /* DBseed.swift */,
			);
			name = Model;
			path = Fonts/Model;
			sourceTree = "<group>";
		};
		41E531082B9A82A400E3CA01 = {
			isa = PBXGroup;
			children = (
				41E531132B9A82A400E3CA01 /* #LetsTalkApp */,
				41E531122B9A82A400E3CA01 /* Products */,
			);
			sourceTree = "<group>";
		};
		41E531122B9A82A400E3CA01 /* Products */ = {
			isa = PBXGroup;
			children = (
				41E531112B9A82A400E3CA01 /* #LetsTalkApp.app */,
			);
			name = Products;
			sourceTree = "<group>";
		};
		41E531132B9A82A400E3CA01 /* #LetsTalkApp */ = {
			isa = PBXGroup;
			children = (
				417B6D2C2BA5E6CE00C91E37 /* Config */,
				41E5313D2B9B280E00E3CA01 /* -LetsTalkApp-Info.plist */,
				41407A272BA45E0A005FEFD1 /* GoogleService-Info.plist */,
				41E531142B9A82A400E3CA01 /* _LetsTalkAppApp.swift */,
				41E5313E2B9B2BEE00E3CA01 /* CustomFonts.swift */,
				41E4682F2BA33BC10076CF35 /* Model */,
				41E531392B9B279900E3CA01 /* Fonts */,
				41E5311A2B9A82A600E3CA01 /* Preview Content */,
				41E531292B9A834200E3CA01 /* RiveAssets */,
				41E531182B9A82A600E3CA01 /* Assets.xcassets */,
				41E531602B9CBE1400E3CA01 /* Views */,
				41E5315F2B9CBDF300E3CA01 /* Components */,
			);
			path = "#LetsTalkApp";
			sourceTree = "<group>";
		};
		41E5311A2B9A82A600E3CA01 /* Preview Content */ = {
			isa = PBXGroup;
			children = (
				41E5311B2B9A82A600E3CA01 /* Preview Assets.xcassets */,
			);
			path = "Preview Content";
			sourceTree = "<group>";
		};
		41E531292B9A834200E3CA01 /* RiveAssets */ = {
			isa = PBXGroup;
			children = (
				41E531222B9A834200E3CA01 /* button.riv */,
				41E531232B9A834200E3CA01 /* check.riv */,
				41E531242B9A834200E3CA01 /* confetti.riv */,
				41407A122BA371FA005FEFD1 /* shapesGreen.riv */,
				41E531252B9A834200E3CA01 /* house.riv */,
				41E531262B9A834200E3CA01 /* icons.riv */,
				41E531272B9A834200E3CA01 /* menu_button.riv */,
				41E531282B9A834200E3CA01 /* shapes.riv */,
			);
			path = RiveAssets;
			sourceTree = "<group>";
		};
		41E531392B9B279900E3CA01 /* Fonts */ = {
			isa = PBXGroup;
			children = (
				41E531362B9B279900E3CA01 /* Inter-Regular.ttf */,
				41407A092BA35D65005FEFD1 /* LilitaOne-Regular.ttf */,
				41E531372B9B279900E3CA01 /* Inter-SemiBold.ttf */,
				41E531382B9B279900E3CA01 /* Poppins-Bold.ttf */,
			);
			path = Fonts;
			sourceTree = "<group>";
		};
		41E5315F2B9CBDF300E3CA01 /* Components */ = {
			isa = PBXGroup;
			children = (
				41E5315D2B9CA9AD00E3CA01 /* SideMenu.swift */,
				41E531422B9B4F5D00E3CA01 /* TabBar.swift */,
				41E531592B9C9F3C00E3CA01 /* HCard.swift */,
				41E531522B9C9D0600E3CA01 /* VCard.swift */,
			);
			path = Components;
			sourceTree = "<group>";
		};
		41E531602B9CBE1400E3CA01 /* Views */ = {
			isa = PBXGroup;
			children = (
				41E531162B9A82A400E3CA01 /* ContentView.swift */,
				41E531342B9A85DB00E3CA01 /* OnboardingView.swift */,
				41E531402B9B3AB900E3CA01 /* LetsTalk.swift */,
				41E5315B2B9CA0A300E3CA01 /* HomeView.swift */,
				41E531612B9DDF4B00E3CA01 /* InfoView.swift */,
				417B6D2A2BA5DED900C91E37 /* HopeView.swift */,
			);
			path = Views;
			sourceTree = "<group>";
		};
/* End PBXGroup section */

/* Begin PBXNativeTarget section */
		41E531102B9A82A400E3CA01 /* #LetsTalkApp */ = {
			isa = PBXNativeTarget;
			buildConfigurationList = 41E5311F2B9A82A600E3CA01 /* Build configuration list for PBXNativeTarget "#LetsTalkApp" */;
			buildPhases = (
				41E5310D2B9A82A400E3CA01 /* Sources */,
				41E5310E2B9A82A400E3CA01 /* Frameworks */,
				41E5310F2B9A82A400E3CA01 /* Resources */,
			);
			buildRules = (
			);
			dependencies = (
			);
			name = "#LetsTalkApp";
			packageProductDependencies = (
				41E531322B9A84EF00E3CA01 /* RiveRuntime */,
				41407A1F2BA458E6005FEFD1 /* FirebaseAuth */,
				41407A212BA458E6005FEFD1 /* FirebaseFirestore */,
				41407A232BA458E6005FEFD1 /* FirebaseFirestoreSwift */,
				41407A252BA458E6005FEFD1 /* FirebaseStorage */,
			);
			productName = "#LetsTalkApp";
			productReference = 41E531112B9A82A400E3CA01 /* #LetsTalkApp.app */;
			productType = "com.apple.product-type.application";
		};
/* End PBXNativeTarget section */

/* Begin PBXProject section */
		41E531092B9A82A400E3CA01 /* Project object */ = {
			isa = PBXProject;
			attributes = {
				BuildIndependentTargetsInParallel = 1;
				LastSwiftUpdateCheck = 1530;
				LastUpgradeCheck = 1530;
				TargetAttributes = {
					41E531102B9A82A400E3CA01 = {
						CreatedOnToolsVersion = 15.3;
					};
				};
			};
			buildConfigurationList = 41E5310C2B9A82A400E3CA01 /* Build configuration list for PBXProject "#LetsTalkApp" */;
			compatibilityVersion = "Xcode 14.0";
			developmentRegion = en;
			hasScannedForEncodings = 0;
			knownRegions = (
				en,
				Base,
			);
			mainGroup = 41E531082B9A82A400E3CA01;
			packageReferences = (
				41E531312B9A84EF00E3CA01 /* XCRemoteSwiftPackageReference "rive-ios" */,
				41407A1E2BA458E6005FEFD1 /* XCRemoteSwiftPackageReference "firebase-ios-sdk" */,
			);
			productRefGroup = 41E531122B9A82A400E3CA01 /* Products */;
			projectDirPath = "";
			projectRoot = "";
			targets = (
				41E531102B9A82A400E3CA01 /* #LetsTalkApp */,
			);
		};
/* End PBXProject section */

/* Begin PBXResourcesBuildPhase section */
		41E5310F2B9A82A400E3CA01 /* Resources */ = {
			isa = PBXResourcesBuildPhase;
			buildActionMask = 2147483647;
			files = (
				41E5312A2B9A834200E3CA01 /* button.riv in Resources */,
				41E5311C2B9A82A600E3CA01 /* Preview Assets.xcassets in Resources */,
				41E5312E2B9A834200E3CA01 /* icons.riv in Resources */,
				41E5313B2B9B279900E3CA01 /* Inter-SemiBold.ttf in Resources */,
				41407A132BA371FA005FEFD1 /* shapesGreen.riv in Resources */,
				41E5312B2B9A834200E3CA01 /* check.riv in Resources */,
				41E531302B9A834200E3CA01 /* shapes.riv in Resources */,
				41E531192B9A82A600E3CA01 /* Assets.xcassets in Resources */,
				41E5313C2B9B279900E3CA01 /* Poppins-Bold.ttf in Resources */,
				41E5313A2B9B279900E3CA01 /* Inter-Regular.ttf in Resources */,
				41E5312D2B9A834200E3CA01 /* house.riv in Resources */,
				41E5312F2B9A834200E3CA01 /* menu_button.riv in Resources */,
				41E5312C2B9A834200E3CA01 /* confetti.riv in Resources */,
				41407A282BA45E0A005FEFD1 /* GoogleService-Info.plist in Resources */,
			);
			runOnlyForDeploymentPostprocessing = 0;
		};
/* End PBXResourcesBuildPhase section */

/* Begin PBXSourcesBuildPhase section */
		41E5310D2B9A82A400E3CA01 /* Sources */ = {
			isa = PBXSourcesBuildPhase;
			buildActionMask = 2147483647;
			files = (
				41407A2A2BA46175005FEFD1 /* DBInfo.swift in Sources */,
				417B6D2B2BA5DED900C91E37 /* HopeView.swift in Sources */,
				41E5315A2B9C9F3C00E3CA01 /* HCard.swift in Sources */,
				41E531352B9A85DB00E3CA01 /* OnboardingView.swift in Sources */,
				4122EAE62BA33DB000008903 /* Courses.swift in Sources */,
				4122EAE42BA33CFD00008903 /* CourseSection.swift in Sources */,
				41407A2C2BA4641B005FEFD1 /* DBseed.swift in Sources */,
				41E5315E2B9CA9AD00E3CA01 /* SideMenu.swift in Sources */,
				41E5313F2B9B2BEE00E3CA01 /* CustomFonts.swift in Sources */,
				41E531622B9DDF4B00E3CA01 /* InfoView.swift in Sources */,
				41E531172B9A82A400E3CA01 /* ContentView.swift in Sources */,
				41E5315C2B9CA0A300E3CA01 /* HomeView.swift in Sources */,
				41E531532B9C9D0600E3CA01 /* VCard.swift in Sources */,
				41E531432B9B4F5D00E3CA01 /* TabBar.swift in Sources */,
				41E531152B9A82A400E3CA01 /* _LetsTalkAppApp.swift in Sources */,
				417B6D2E2BA5E6E700C91E37 /* AppDelegate.swift in Sources */,
				41E531412B9B3AB900E3CA01 /* LetsTalk.swift in Sources */,
			);
			runOnlyForDeploymentPostprocessing = 0;
		};
/* End PBXSourcesBuildPhase section */

/* Begin XCBuildConfiguration section */
		41E5311D2B9A82A600E3CA01 /* Debug */ = {
			isa = XCBuildConfiguration;
			buildSettings = {
				ALWAYS_SEARCH_USER_PATHS = NO;
				ASSETCATALOG_COMPILER_GENERATE_SWIFT_ASSET_SYMBOL_EXTENSIONS = YES;
				CLANG_ANALYZER_NONNULL = YES;
				CLANG_ANALYZER_NUMBER_OBJECT_CONVERSION = YES_AGGRESSIVE;
				CLANG_CXX_LANGUAGE_STANDARD = "gnu++20";
				CLANG_ENABLE_MODULES = YES;
				CLANG_ENABLE_OBJC_ARC = YES;
				CLANG_ENABLE_OBJC_WEAK = YES;
				CLANG_WARN_BLOCK_CAPTURE_AUTORELEASING = YES;
				CLANG_WARN_BOOL_CONVERSION = YES;
				CLANG_WARN_COMMA = YES;
				CLANG_WARN_CONSTANT_CONVERSION = YES;
				CLANG_WARN_DEPRECATED_OBJC_IMPLEMENTATIONS = YES;
				CLANG_WARN_DIRECT_OBJC_ISA_USAGE = YES_ERROR;
				CLANG_WARN_DOCUMENTATION_COMMENTS = YES;
				CLANG_WARN_EMPTY_BODY = YES;
				CLANG_WARN_ENUM_CONVERSION = YES;
				CLANG_WARN_INFINITE_RECURSION = YES;
				CLANG_WARN_INT_CONVERSION = YES;
				CLANG_WARN_NON_LITERAL_NULL_CONVERSION = YES;
				CLANG_WARN_OBJC_IMPLICIT_RETAIN_SELF = YES;
				CLANG_WARN_OBJC_LITERAL_CONVERSION = YES;
				CLANG_WARN_OBJC_ROOT_CLASS = YES_ERROR;
				CLANG_WARN_QUOTED_INCLUDE_IN_FRAMEWORK_HEADER = YES;
				CLANG_WARN_RANGE_LOOP_ANALYSIS = YES;
				CLANG_WARN_STRICT_PROTOTYPES = YES;
				CLANG_WARN_SUSPICIOUS_MOVE = YES;
				CLANG_WARN_UNGUARDED_AVAILABILITY = YES_AGGRESSIVE;
				CLANG_WARN_UNREACHABLE_CODE = YES;
				CLANG_WARN__DUPLICATE_METHOD_MATCH = YES;
				COPY_PHASE_STRIP = NO;
				DEBUG_INFORMATION_FORMAT = dwarf;
				ENABLE_STRICT_OBJC_MSGSEND = YES;
				ENABLE_TESTABILITY = YES;
				ENABLE_USER_SCRIPT_SANDBOXING = YES;
				GCC_C_LANGUAGE_STANDARD = gnu17;
				GCC_DYNAMIC_NO_PIC = NO;
				GCC_NO_COMMON_BLOCKS = YES;
				GCC_OPTIMIZATION_LEVEL = 0;
				GCC_PREPROCESSOR_DEFINITIONS = (
					"DEBUG=1",
					"$(inherited)",
				);
				GCC_WARN_64_TO_32_BIT_CONVERSION = YES;
				GCC_WARN_ABOUT_RETURN_TYPE = YES_ERROR;
				GCC_WARN_UNDECLARED_SELECTOR = YES;
				GCC_WARN_UNINITIALIZED_AUTOS = YES_AGGRESSIVE;
				GCC_WARN_UNUSED_FUNCTION = YES;
				GCC_WARN_UNUSED_VARIABLE = YES;
				IPHONEOS_DEPLOYMENT_TARGET = 17.4;
				LOCALIZATION_PREFERS_STRING_CATALOGS = YES;
				MTL_ENABLE_DEBUG_INFO = INCLUDE_SOURCE;
				MTL_FAST_MATH = YES;
				ONLY_ACTIVE_ARCH = YES;
				SDKROOT = iphoneos;
				SWIFT_ACTIVE_COMPILATION_CONDITIONS = "DEBUG $(inherited)";
				SWIFT_OPTIMIZATION_LEVEL = "-Onone";
			};
			name = Debug;
		};
		41E5311E2B9A82A600E3CA01 /* Release */ = {
			isa = XCBuildConfiguration;
			buildSettings = {
				ALWAYS_SEARCH_USER_PATHS = NO;
				ASSETCATALOG_COMPILER_GENERATE_SWIFT_ASSET_SYMBOL_EXTENSIONS = YES;
				CLANG_ANALYZER_NONNULL = YES;
				CLANG_ANALYZER_NUMBER_OBJECT_CONVERSION = YES_AGGRESSIVE;
				CLANG_CXX_LANGUAGE_STANDARD = "gnu++20";
				CLANG_ENABLE_MODULES = YES;
				CLANG_ENABLE_OBJC_ARC = YES;
				CLANG_ENABLE_OBJC_WEAK = YES;
				CLANG_WARN_BLOCK_CAPTURE_AUTORELEASING = YES;
				CLANG_WARN_BOOL_CONVERSION = YES;
				CLANG_WARN_COMMA = YES;
				CLANG_WARN_CONSTANT_CONVERSION = YES;
				CLANG_WARN_DEPRECATED_OBJC_IMPLEMENTATIONS = YES;
				CLANG_WARN_DIRECT_OBJC_ISA_USAGE = YES_ERROR;
				CLANG_WARN_DOCUMENTATION_COMMENTS = YES;
				CLANG_WARN_EMPTY_BODY = YES;
				CLANG_WARN_ENUM_CONVERSION = YES;
				CLANG_WARN_INFINITE_RECURSION = YES;
				CLANG_WARN_INT_CONVERSION = YES;
				CLANG_WARN_NON_LITERAL_NULL_CONVERSION = YES;
				CLANG_WARN_OBJC_IMPLICIT_RETAIN_SELF = YES;
				CLANG_WARN_OBJC_LITERAL_CONVERSION = YES;
				CLANG_WARN_OBJC_ROOT_CLASS = YES_ERROR;
				CLANG_WARN_QUOTED_INCLUDE_IN_FRAMEWORK_HEADER = YES;
				CLANG_WARN_RANGE_LOOP_ANALYSIS = YES;
				CLANG_WARN_STRICT_PROTOTYPES = YES;
				CLANG_WARN_SUSPICIOUS_MOVE = YES;
				CLANG_WARN_UNGUARDED_AVAILABILITY = YES_AGGRESSIVE;
				CLANG_WARN_UNREACHABLE_CODE = YES;
				CLANG_WARN__DUPLICATE_METHOD_MATCH = YES;
				COPY_PHASE_STRIP = NO;
				DEBUG_INFORMATION_FORMAT = "dwarf-with-dsym";
				ENABLE_NS_ASSERTIONS = NO;
				ENABLE_STRICT_OBJC_MSGSEND = YES;
				ENABLE_USER_SCRIPT_SANDBOXING = YES;
				GCC_C_LANGUAGE_STANDARD = gnu17;
				GCC_NO_COMMON_BLOCKS = YES;
				GCC_WARN_64_TO_32_BIT_CONVERSION = YES;
				GCC_WARN_ABOUT_RETURN_TYPE = YES_ERROR;
				GCC_WARN_UNDECLARED_SELECTOR = YES;
				GCC_WARN_UNINITIALIZED_AUTOS = YES_AGGRESSIVE;
				GCC_WARN_UNUSED_FUNCTION = YES;
				GCC_WARN_UNUSED_VARIABLE = YES;
				IPHONEOS_DEPLOYMENT_TARGET = 17.4;
				LOCALIZATION_PREFERS_STRING_CATALOGS = YES;
				MTL_ENABLE_DEBUG_INFO = NO;
				MTL_FAST_MATH = YES;
				SDKROOT = iphoneos;
				SWIFT_COMPILATION_MODE = wholemodule;
				VALIDATE_PRODUCT = YES;
			};
			name = Release;
		};
		41E531202B9A82A600E3CA01 /* Debug */ = {
			isa = XCBuildConfiguration;
			buildSettings = {
				ASSETCATALOG_COMPILER_APPICON_NAME = AppIcon;
				ASSETCATALOG_COMPILER_GLOBAL_ACCENT_COLOR_NAME = AccentColor;
				CODE_SIGN_STYLE = Automatic;
				CURRENT_PROJECT_VERSION = 1;
				DEVELOPMENT_ASSET_PATHS = "\"#LetsTalkApp/Preview Content\"";
				DEVELOPMENT_TEAM = 4SH6KTD8K5;
				ENABLE_PREVIEWS = YES;
				GENERATE_INFOPLIST_FILE = YES;
				INFOPLIST_FILE = "-LetsTalkApp-Info.plist";
				INFOPLIST_KEY_CFBundleDisplayName = "#LetsTalk";
				INFOPLIST_KEY_LSApplicationCategoryType = "public.app-category.education";
				INFOPLIST_KEY_UIApplicationSceneManifest_Generation = YES;
				INFOPLIST_KEY_UIApplicationSupportsIndirectInputEvents = YES;
				INFOPLIST_KEY_UILaunchScreen_Generation = YES;
				INFOPLIST_KEY_UISupportedInterfaceOrientations = UIInterfaceOrientationPortrait;
				LD_RUNPATH_SEARCH_PATHS = (
					"$(inherited)",
					"@executable_path/Frameworks",
				);
				MARKETING_VERSION = 3.0;
				PRODUCT_BUNDLE_IDENTIFIER = "com.kultivatedevelopers.-LetsTalkApp";
				PRODUCT_NAME = "$(TARGET_NAME)";
				SWIFT_EMIT_LOC_STRINGS = YES;
				SWIFT_VERSION = 5.0;
				TARGETED_DEVICE_FAMILY = "1,2";
			};
			name = Debug;
		};
		41E531212B9A82A600E3CA01 /* Release */ = {
			isa = XCBuildConfiguration;
			buildSettings = {
				ASSETCATALOG_COMPILER_APPICON_NAME = AppIcon;
				ASSETCATALOG_COMPILER_GLOBAL_ACCENT_COLOR_NAME = AccentColor;
				CODE_SIGN_STYLE = Automatic;
				CURRENT_PROJECT_VERSION = 1;
				DEVELOPMENT_ASSET_PATHS = "\"#LetsTalkApp/Preview Content\"";
				DEVELOPMENT_TEAM = 4SH6KTD8K5;
				ENABLE_PREVIEWS = YES;
				GENERATE_INFOPLIST_FILE = YES;
				INFOPLIST_FILE = "-LetsTalkApp-Info.plist";
				INFOPLIST_KEY_CFBundleDisplayName = "#LetsTalk";
				INFOPLIST_KEY_LSApplicationCategoryType = "public.app-category.education";
				INFOPLIST_KEY_UIApplicationSceneManifest_Generation = YES;
				INFOPLIST_KEY_UIApplicationSupportsIndirectInputEvents = YES;
				INFOPLIST_KEY_UILaunchScreen_Generation = YES;
				INFOPLIST_KEY_UISupportedInterfaceOrientations = UIInterfaceOrientationPortrait;
				LD_RUNPATH_SEARCH_PATHS = (
					"$(inherited)",
					"@executable_path/Frameworks",
				);
				MARKETING_VERSION = 3.0;
				PRODUCT_BUNDLE_IDENTIFIER = "com.kultivatedevelopers.-LetsTalkApp";
				PRODUCT_NAME = "$(TARGET_NAME)";
				SWIFT_EMIT_LOC_STRINGS = YES;
				SWIFT_VERSION = 5.0;
				TARGETED_DEVICE_FAMILY = "1,2";
			};
			name = Release;
		};
/* End XCBuildConfiguration section */

/* Begin XCConfigurationList section */
		41E5310C2B9A82A400E3CA01 /* Build configuration list for PBXProject "#LetsTalkApp" */ = {
			isa = XCConfigurationList;
			buildConfigurations = (
				41E5311D2B9A82A600E3CA01 /* Debug */,
				41E5311E2B9A82A600E3CA01 /* Release */,
			);
			defaultConfigurationIsVisible = 0;
			defaultConfigurationName = Release;
		};
		41E5311F2B9A82A600E3CA01 /* Build configuration list for PBXNativeTarget "#LetsTalkApp" */ = {
			isa = XCConfigurationList;
			buildConfigurations = (
				41E531202B9A82A600E3CA01 /* Debug */,
				41E531212B9A82A600E3CA01 /* Release */,
			);
			defaultConfigurationIsVisible = 0;
			defaultConfigurationName = Release;
		};
/* End XCConfigurationList section */

/* Begin XCRemoteSwiftPackageReference section */
		41407A1E2BA458E6005FEFD1 /* XCRemoteSwiftPackageReference "firebase-ios-sdk" */ = {
			isa = XCRemoteSwiftPackageReference;
			repositoryURL = "https://github.com/firebase/firebase-ios-sdk.git";
			requirement = {
				kind = upToNextMajorVersion;
				minimumVersion = 10.22.1;
			};
		};
		41E531312B9A84EF00E3CA01 /* XCRemoteSwiftPackageReference "rive-ios" */ = {
			isa = XCRemoteSwiftPackageReference;
			repositoryURL = "https://github.com/rive-app/rive-ios";
			requirement = {
				kind = upToNextMajorVersion;
				minimumVersion = 5.9.1;
			};
		};
/* End XCRemoteSwiftPackageReference section */

/* Begin XCSwiftPackageProductDependency section */
		41407A1F2BA458E6005FEFD1 /* FirebaseAuth */ = {
			isa = XCSwiftPackageProductDependency;
			package = 41407A1E2BA458E6005FEFD1 /* XCRemoteSwiftPackageReference "firebase-ios-sdk" */;
			productName = FirebaseAuth;
		};
		41407A212BA458E6005FEFD1 /* FirebaseFirestore */ = {
			isa = XCSwiftPackageProductDependency;
			package = 41407A1E2BA458E6005FEFD1 /* XCRemoteSwiftPackageReference "firebase-ios-sdk" */;
			productName = FirebaseFirestore;
		};
		41407A232BA458E6005FEFD1 /* FirebaseFirestoreSwift */ = {
			isa = XCSwiftPackageProductDependency;
			package = 41407A1E2BA458E6005FEFD1 /* XCRemoteSwiftPackageReference "firebase-ios-sdk" */;
			productName = FirebaseFirestoreSwift;
		};
		41407A252BA458E6005FEFD1 /* FirebaseStorage */ = {
			isa = XCSwiftPackageProductDependency;
			package = 41407A1E2BA458E6005FEFD1 /* XCRemoteSwiftPackageReference "firebase-ios-sdk" */;
			productName = FirebaseStorage;
		};
		41E531322B9A84EF00E3CA01 /* RiveRuntime */ = {
			isa = XCSwiftPackageProductDependency;
			package = 41E531312B9A84EF00E3CA01 /* XCRemoteSwiftPackageReference "rive-ios" */;
			productName = RiveRuntime;
		};
/* End XCSwiftPackageProductDependency section */
	};
	rootObject = 41E531092B9A82A400E3CA01 /* Project object */;
}
